
Microsoft Visual Studio Solution File, Format Version 12.00
# Visual Studio Version 16
VisualStudioVersion = 16.0.31911.196
MinimumVisualStudioVersion = 10.0.40219.1
Project("{8BC9CEB8-8B4A-11D0-8D11-00A0C91BC942}") = "Exercise 1", "LaB_1\LaB_1.vcxproj", "{BBDAF44A-5C38-4B97-9642-7814335FD8B4}"
EndProject
Project("{8BC9CEB8-8B4A-11D0-8D11-00A0C91BC942}") = "Exercise 2", "Exercise 2\Exercise 2.vcxproj", "{DE8BCCCB-5477-4000-AF0E-C4A7D80C8D24}"
EndProject
Project("{8BC9CEB8-8B4A-11D0-8D11-00A0C91BC942}") = "Exercise 3", "Exercise 3\Exercise 3.vcxproj", "{5C77228A-CCC3-4BFD-8D4D-8086D46FA5E0}"
EndProject
Project("{8BC9CEB8-8B4A-11D0-8D11-00A0C91BC942}") = "Exercise 4", "Exercise 4\Exercise 4.vcxproj", "{CD7A5D6C-D666-469C-ABD8-BF97DFBB9482}"
EndProject
Project("{8BC9CEB8-8B4A-11D0-8D11-00A0C91BC942}") = "Exercise 5", "Exercise 5\Exercise 5.vcxproj", "{44CE169F-AEED-4CE8-8530-7AF347D23473}"
EndProject
Global
	GlobalSection(SolutionConfigurationPlatforms) = preSolution
		Debug|x64 = Debug|x64
		Debug|x86 = Debug|x86
		Release|x64 = Release|x64
		Release|x86 = Release|x86
	EndGlobalSection
	GlobalSection(ProjectConfigurationPlatforms) = postSolution
		{BBDAF44A-5C38-4B97-9642-7814335FD8B4}.Debug|x64.ActiveCfg = Debug|x64
		{BBDAF44A-5C38-4B97-9642-7814335FD8B4}.Debug|x64.Build.0 = Debug|x64
		{BBDAF44A-5C38-4B97-9642-7814335FD8B4}.Debug|x86.ActiveCfg = Debug|Win32
		{BBDAF44A-5C38-4B97-9642-7814335FD8B4}.Debug|x86.Build.0 = Debug|Win32
		{BBDAF44A-5C38-4B97-9642-7814335FD8B4}.Release|x64.ActiveCfg = Release|x64
		{BBDAF44A-5C38-4B97-9642-7814335FD8B4}.Release|x64.Build.0 = Release|x64
		{BBDAF44A-5C38-4B97-9642-7814335FD8B4}.Release|x86.ActiveCfg = Release|Win32
		{BBDAF44A-5C38-4B97-9642-7814335FD8B4}.Release|x86.Build.0 = Release|Win32
		{DE8BCCCB-5477-4000-AF0E-C4A7D80C8D24}.Debug|x64.ActiveCfg = Debug|x64
		{DE8BCCCB-5477-4000-AF0E-C4A7D80C8D24}.Debug|x64.Build.0 = Debug|x64
		{DE8BCCCB-5477-4000-AF0E-C4A7D80C8D24}.Debug|x86.ActiveCfg = Debug|Win32
		{DE8BCCCB-5477-4000-AF0E-C4A7D80C8D24}.Debug|x86.Build.0 = Debug|Win32
		{DE8BCCCB-5477-4000-AF0E-C4A7D80C8D24}.Release|x64.ActiveCfg = Release|x64
		{DE8BCCCB-5477-4000-AF0E-C4A7D80C8D24}.Release|x64.Build.0 = Release|x64
		{DE8BCCCB-5477-4000-AF0E-C4A7D80C8D24}.Release|x86.ActiveCfg = Release|Win32
		{DE8BCCCB-5477-4000-AF0E-C4A7D80C8D24}.Release|x86.Build.0 = Release|Win32
		{5C77228A-CCC3-4BFD-8D4D-8086D46FA5E0}.Debug|x64.ActiveCfg = Debug|x64
		{5C77228A-CCC3-4BFD-8D4D-8086D46FA5E0}.Debug|x64.Build.0 = Debug|x64
		{5C77228A-CCC3-4BFD-8D4D-8086D46FA5E0}.Debug|x86.ActiveCfg = Debug|Win32
		{5C77228A-CCC3-4BFD-8D4D-8086D46FA5E0}.Debug|x86.Build.0 = Debug|Win32
		{5C77228A-CCC3-4BFD-8D4D-8086D46FA5E0}.Release|x64.ActiveCfg = Release|x64
		{5C77228A-CCC3-4BFD-8D4D-8086D46FA5E0}.Release|x64.Build.0 = Release|x64
		{5C77228A-CCC3-4BFD-8D4D-8086D46FA5E0}.Release|x86.ActiveCfg = Release|Win32
		{5C77228A-CCC3-4BFD-8D4D-8086D46FA5E0}.Release|x86.Build.0 = Release|Win32
		{CD7A5D6C-D666-469C-ABD8-BF97DFBB9482}.Debug|x64.ActiveCfg = Debug|x64
		{CD7A5D6C-D666-469C-ABD8-BF97DFBB9482}.Debug|x64.Build.0 = Debug|x64
		{CD7A5D6C-D666-469C-ABD8-BF97DFBB9482}.Debug|x86.ActiveCfg = Debug|Win32
		{CD7A5D6C-D666-469C-ABD8-BF97DFBB9482}.Debug|x86.Build.0 = Debug|Win32
		{CD7A5D6C-D666-469C-ABD8-BF97DFBB9482}.Release|x64.ActiveCfg = Release|x64
		{CD7A5D6C-D666-469C-ABD8-BF97DFBB9482}.Release|x64.Build.0 = Release|x64
		{CD7A5D6C-D666-469C-ABD8-BF97DFBB9482}.Release|x86.ActiveCfg = Release|Win32
		{CD7A5D6C-D666-469C-ABD8-BF97DFBB9482}.Release|x86.Build.0 = Release|Win32
		{44CE169F-AEED-4CE8-8530-7AF347D23473}.Debug|x64.ActiveCfg = Debug|x64
		{44CE169F-AEED-4CE8-8530-7AF347D23473}.Debug|x64.Build.0 = Debug|x64
		{44CE169F-AEED-4CE8-8530-7AF347D23473}.Debug|x86.ActiveCfg = Debug|Win32
		{44CE169F-AEED-4CE8-8530-7AF347D23473}.Debug|x86.Build.0 = Debug|Win32
		{44CE169F-AEED-4CE8-8530-7AF347D23473}.Release|x64.ActiveCfg = Release|x64
		{44CE169F-AEED-4CE8-8530-7AF347D23473}.Release|x64.Build.0 = Release|x64
		{44CE169F-AEED-4CE8-8530-7AF347D23473}.Release|x86.ActiveCfg = Release|Win32
		{44CE169F-AEED-4CE8-8530-7AF347D23473}.Release|x86.Build.0 = Release|Win32
	EndGlobalSection
	GlobalSection(SolutionProperties) = preSolution
		HideSolutionNode = FALSE
	EndGlobalSection
	GlobalSection(ExtensibilityGlobals) = postSolution
		SolutionGuid = {66720E89-DD4A-4175-94BD-88FF9789998E}
	EndGlobalSection
EndGlobal
